
Microsoft Visual Studio Solution File, Format Version 12.00
# Visual Studio Version 17
VisualStudioVersion = 17.9.34622.214
MinimumVisualStudioVersion = 10.0.40219.1
Project("{8BC9CEB8-8B4A-11D0-8D11-00A0C91BC942}") = "lab-illa-test", "lab-illa-test.vcxproj", "{37C2889E-E1B4-4B69-82D6-EEA9E12E7195}"
EndProject
Project("{2150E333-8FDC-42A3-9474-1A3956D46DE8}") = "Solution Items", "Solution Items", "{02001970-53E1-42EC-B990-23AECFEBE2B3}"
	ProjectSection(SolutionItems) = preProject
		Jenkinsfile = Jenkinsfile
	EndProjectSection
EndProject
Global
	GlobalSection(SolutionConfigurationPlatforms) = preSolution
		Debug|x64 = Debug|x64
		Debug|x86 = Debug|x86
		Release|x64 = Release|x64
		Release|x86 = Release|x86
	EndGlobalSection
	GlobalSection(ProjectConfigurationPlatforms) = postSolution
		{37C2889E-E1B4-4B69-82D6-EEA9E12E7195}.Debug|x64.ActiveCfg = Debug|x64
		{37C2889E-E1B4-4B69-82D6-EEA9E12E7195}.Debug|x64.Build.0 = Debug|x64
		{37C2889E-E1B4-4B69-82D6-EEA9E12E7195}.Debug|x86.ActiveCfg = Debug|Win32
		{37C2889E-E1B4-4B69-82D6-EEA9E12E7195}.Debug|x86.Build.0 = Debug|Win32
		{37C2889E-E1B4-4B69-82D6-EEA9E12E7195}.Release|x64.ActiveCfg = Release|x64
		{37C2889E-E1B4-4B69-82D6-EEA9E12E7195}.Release|x64.Build.0 = Release|x64
		{37C2889E-E1B4-4B69-82D6-EEA9E12E7195}.Release|x86.ActiveCfg = Release|Win32
		{37C2889E-E1B4-4B69-82D6-EEA9E12E7195}.Release|x86.Build.0 = Release|Win32
	EndGlobalSection
	GlobalSection(SolutionProperties) = preSolution
		HideSolutionNode = FALSE
	EndGlobalSection
	GlobalSection(ExtensibilityGlobals) = postSolution
		SolutionGuid = {06D2DDB2-8480-41F2-8BD5-70E58BE92B3F}
	EndGlobalSection
EndGlobal
